
Microsoft Visual Studio Solution File, Format Version 12.00
# Visual Studio Version 17
VisualStudioVersion = 17.8.34525.116
MinimumVisualStudioVersion = 10.0.40219.1
Project("{FAE04EC0-301F-11D3-BF4B-00C04F79EFBC}") = "ExercicioDictionary", "ExercicioDictionary\ExercicioDictionary.csproj", "{EE96C5AC-B6D3-409C-9FCF-5245AF0BE162}"
EndProject
Global
	GlobalSection(SolutionConfigurationPlatforms) = preSolution
		Debug|Any CPU = Debug|Any CPU
		Release|Any CPU = Release|Any CPU
	EndGlobalSection
	GlobalSection(ProjectConfigurationPlatforms) = postSolution
		{EE96C5AC-B6D3-409C-9FCF-5245AF0BE162}.Debug|Any CPU.ActiveCfg = Debug|Any CPU
		{EE96C5AC-B6D3-409C-9FCF-5245AF0BE162}.Debug|Any CPU.Build.0 = Debug|Any CPU
		{EE96C5AC-B6D3-409C-9FCF-5245AF0BE162}.Release|Any CPU.ActiveCfg = Release|Any CPU
		{EE96C5AC-B6D3-409C-9FCF-5245AF0BE162}.Release|Any CPU.Build.0 = Release|Any CPU
	EndGlobalSection
	GlobalSection(SolutionProperties) = preSolution
		HideSolutionNode = FALSE
	EndGlobalSection
	GlobalSection(ExtensibilityGlobals) = postSolution
		SolutionGuid = {7D3F5FB7-1776-42EA-89CF-36EE8DFCB49A}
	EndGlobalSection
EndGlobal
